{
  "lockfileVersion": 1,
  "configVersion": 1,
  "workspaces": {
    "": {
      "name": "@tornotron/echno-core",
      "dependencies": {
        "@tanstack/react-query": "^5.90.12",
        "zod": "^4.3.6",
      },
      "devDependencies": {
        "typescript": "^5",
      },
      "peerDependencies": {
        "react": ">=18",
      },
    },
  },
  "packages": {
    "@tanstack/query-core": ["@tanstack/query-core@5.100.14", "", {}, "sha512-5X41dGpxgeaHISCRW2oYwcSycZeULZzAunaudXT9ov1KOTj9xwt0CH6hbwqP1/z74ZWF7rYFnDpyYH07XFcZew=="],

    "@tanstack/react-query": ["@tanstack/react-query@5.100.14", "", { "dependencies": { "@tanstack/query-core": "5.100.14" }, "peerDependencies": { "react": "^18 || ^19" } }, "sha512-oOr6aRdSFEwWhzxEkD/9ZcItM3+LjBSkeVmadWKwUssAHTsqd/7bOjWrX4AbvEkoEhgAxzN0Xk6H/aYzXiYBAw=="],

    "react": ["react@19.2.6", "", {}, "sha512-sfWGGfavi0xr8Pg0sVsyHMAOziVYKgPLNrS7ig+ivMNb3wbCBw3KxtflsGBAwD3gYQlE/AEZsTLgToRrSCjb0Q=="],

    "typescript": ["typescript@5.9.3", "", { "bin": { "tsc": "bin/tsc", "tsserver": "bin/tsserver" } }, "sha512-jl1vZzPDinLr9eUt3J/t7V6FgNEw9QjvBPdysz9KfQDD41fQrC2Y4vKQdiaUpFT4bXlb1RHhLpp8wtm6M5TgSw=="],

    "zod": ["zod@4.4.3", "", {}, "sha512-ytENFjIJFl2UwYglde2jchW2Hwm4GJFLDiSXWdTrJQBIN9Fcyp7n4DhxJEiWNAJMV1/BqWfW/kkg71UDcHJyTQ=="],
  }
}
